// !$*UTF8*$!
{
	archiveVersion = 1;
	classes = {
	};
	objectVersion = 46;
	objects = {

/* Begin PBXBuildFile section */
		F0FA02341C41352200774E63 /* main.m in Sources */ = {isa = PBXBuildFile; fileRef = F0FA02331C41352200774E63 /* main.m */; };
		F0FA02371C41352200774E63 /* AppDelegate.m in Sources */ = {isa = PBXBuildFile; fileRef = F0FA02361C41352200774E63 /* AppDelegate.m */; };
		F0FA023A1C41352200774E63 /* ViewController.m in Sources */ = {isa = PBXBuildFile; fileRef = F0FA02391C41352200774E63 /* ViewController.m */; };
		F0FA023D1C41352200774E63 /* Main.storyboard in Resources */ = {isa = PBXBuildFile; fileRef = F0FA023B1C41352200774E63 /* Main.storyboard */; };
		F0FA023F1C41352200774E63 /* Assets.xcassets in Resources */ = {isa = PBXBuildFile; fileRef = F0FA023E1C41352200774E63 /* Assets.xcassets */; };
		F0FA02421C41352200774E63 /* LaunchScreen.storyboard in Resources */ = {isa = PBXBuildFile; fileRef = F0FA02401C41352200774E63 /* LaunchScreen.storyboard */; };
		F0FA024D1C41352200774E63 /* AddingTwoNumbersTests.m in Sources */ = {isa = PBXBuildFile; fileRef = F0FA024C1C41352200774E63 /* AddingTwoNumbersTests.m */; };
		F0FA02591C4135A000774E63 /* YHAddition.m in Sources */ = {isa = PBXBuildFile; fileRef = F0FA02581C4135A000774E63 /* YHAddition.m */; };
		F0FA025A1C4135A000774E63 /* YHAddition.m in Sources */ = {isa = PBXBuildFile; fileRef = F0FA02581C4135A000774E63 /* YHAddition.m */; };
		F0FA025F1C4136F700774E63 /* ViewControllerTests.m in Sources */ = {isa = PBXBuildFile; fileRef = F0FA025E1C4136F700774E63 /* ViewControllerTests.m */; };
/* End PBXBuildFile section */

/* Begin PBXContainerItemProxy section */
		F0FA02491C41352200774E63 /* PBXContainerItemProxy */ = {
			isa = PBXContainerItemProxy;
			containerPortal = F0FA02271C41352200774E63 /* Project object */;
			proxyType = 1;
			remoteGlobalIDString = F0FA022E1C41352200774E63;
			remoteInfo = AddingTwoNumbers;
		};
/* End PBXContainerItemProxy section */

/* Begin PBXFileReference section */
		F0FA022F1C41352200774E63 /* AddingTwoNumbers.app */ = {isa = PBXFileReference; explicitFileType = wrapper.application; includeInIndex = 0; path = AddingTwoNumbers.app; sourceTree = BUILT_PRODUCTS_DIR; };
		F0FA02331C41352200774E63 /* main.m */ = {isa = PBXFileReference; lastKnownFileType = sourcecode.c.objc; path = main.m; sourceTree = "<group>"; };
		F0FA02351C41352200774E63 /* AppDelegate.h */ = {isa = PBXFileReference; lastKnownFileType = sourcecode.c.h; path = AppDelegate.h; sourceTree = "<group>"; };
		F0FA02361C41352200774E63 /* AppDelegate.m */ = {isa = PBXFileReference; lastKnownFileType = sourcecode.c.objc; path = AppDelegate.m; sourceTree = "<group>"; };
		F0FA02381C41352200774E63 /* ViewController.h */ = {isa = PBXFileReference; lastKnownFileType = sourcecode.c.h; path = ViewController.h; sourceTree = "<group>"; };
		F0FA02391C41352200774E63 /* ViewController.m */ = {isa = PBXFileReference; lastKnownFileType = sourcecode.c.objc; path = ViewController.m; sourceTree = "<group>"; };
		F0FA023C1C41352200774E63 /* Base */ = {isa = PBXFileReference; lastKnownFileType = file.storyboard; name = Base; path = Base.lproj/Main.storyboard; sourceTree = "<group>"; };
		F0FA023E1C41352200774E63 /* Assets.xcassets */ = {isa = PBXFileReference; lastKnownFileType = folder.assetcatalog; path = Assets.xcassets; sourceTree = "<group>"; };
		F0FA02411C41352200774E63 /* Base */ = {isa = PBXFileReference; lastKnownFileType = file.storyboard; name = Base; path = Base.lproj/LaunchScreen.storyboard; sourceTree = "<group>"; };
		F0FA02431C41352200774E63 /* Info.plist */ = {isa = PBXFileReference; lastKnownFileType = text.plist.xml; path = Info.plist; sourceTree = "<group>"; };
		F0FA02481C41352200774E63 /* AddingTwoNumbersTests.xctest */ = {isa = PBXFileReference; explicitFileType = wrapper.cfbundle; includeInIndex = 0; path = AddingTwoNumbersTests.xctest; sourceTree = BUILT_PRODUCTS_DIR; };
		F0FA024C1C41352200774E63 /* AddingTwoNumbersTests.m */ = {isa = PBXFileReference; lastKnownFileType = sourcecode.c.objc; path = AddingTwoNumbersTests.m; sourceTree = "<group>"; };
		F0FA024E1C41352200774E63 /* Info.plist */ = {isa = PBXFileReference; lastKnownFileType = text.plist.xml; path = Info.plist; sourceTree = "<group>"; };
		F0FA02571C4135A000774E63 /* YHAddition.h */ = {isa = PBXFileReference; fileEncoding = 4; lastKnownFileType = sourcecode.c.h; path = YHAddition.h; sourceTree = "<group>"; };
		F0FA02581C4135A000774E63 /* YHAddition.m */ = {isa = PBXFileReference; fileEncoding = 4; lastKnownFileType = sourcecode.c.objc; path = YHAddition.m; sourceTree = "<group>"; };
		F0FA025E1C4136F700774E63 /* ViewControllerTests.m */ = {isa = PBXFileReference; fileEncoding = 4; lastKnownFileType = sourcecode.c.objc; path = ViewControllerTests.m; sourceTree = "<group>"; };
/* End PBXFileReference section */

/* Begin PBXFrameworksBuildPhase section */
		F0FA022C1C41352200774E63 /* Frameworks */ = {
			isa = PBXFrameworksBuildPhase;
			buildActionMask = 2147483647;
			files = (
			);
			runOnlyForDeploymentPostprocessing = 0;
		};
		F0FA02451C41352200774E63 /* Frameworks */ = {
			isa = PBXFrameworksBuildPhase;
			buildActionMask = 2147483647;
			files = (
			);
			runOnlyForDeploymentPostprocessing = 0;
		};
/* End PBXFrameworksBuildPhase section */

/* Begin PBXGroup section */
		F0FA02261C41352200774E63 = {
			isa = PBXGroup;
			children = (
				F0FA02311C41352200774E63 /* AddingTwoNumbers */,
				F0FA024B1C41352200774E63 /* AddingTwoNumbersTests */,
				F0FA02301C41352200774E63 /* Products */,
			);
			sourceTree = "<group>";
		};
		F0FA02301C41352200774E63 /* Products */ = {
			isa = PBXGroup;
			children = (
				F0FA022F1C41352200774E63 /* AddingTwoNumbers.app */,
				F0FA02481C41352200774E63 /* AddingTwoNumbersTests.xctest */,
			);
			name = Products;
			sourceTree = "<group>";
		};
		F0FA02311C41352200774E63 /* AddingTwoNumbers */ = {
			isa = PBXGroup;
			children = (
				F0FA02351C41352200774E63 /* AppDelegate.h */,
				F0FA02361C41352200774E63 /* AppDelegate.m */,
				F0FA02381C41352200774E63 /* ViewController.h */,
				F0FA02391C41352200774E63 /* ViewController.m */,
				F0FA02571C4135A000774E63 /* YHAddition.h */,
				F0FA02581C4135A000774E63 /* YHAddition.m */,
				F0FA023B1C41352200774E63 /* Main.storyboard */,
				F0FA023E1C41352200774E63 /* Assets.xcassets */,
				F0FA02401C41352200774E63 /* LaunchScreen.storyboard */,
				F0FA02431C41352200774E63 /* Info.plist */,
				F0FA02321C41352200774E63 /* Supporting Files */,
			);
			path = AddingTwoNumbers;
			sourceTree = "<group>";
		};
		F0FA02321C41352200774E63 /* Supporting Files */ = {
			isa = PBXGroup;
			children = (
				F0FA02331C41352200774E63 /* main.m */,
			);
			name = "Supporting Files";
			sourceTree = "<group>";
		};
		F0FA024B1C41352200774E63 /* AddingTwoNumbersTests */ = {
			isa = PBXGroup;
			children = (
				F0FA024C1C41352200774E63 /* AddingTwoNumbersTests.m */,
				F0FA025E1C4136F700774E63 /* ViewControllerTests.m */,
				F0FA024E1C41352200774E63 /* Info.plist */,
			);
			path = AddingTwoNumbersTests;
			sourceTree = "<group>";
		};
/* End PBXGroup section */

/* Begin PBXNativeTarget section */
		F0FA022E1C41352200774E63 /* AddingTwoNumbers */ = {
			isa = PBXNativeTarget;
			buildConfigurationList = F0FA02511C41352200774E63 /* Build configuration list for PBXNativeTarget "AddingTwoNumbers" */;
			buildPhases = (
				F0FA022B1C41352200774E63 /* Sources */,
				F0FA022C1C41352200774E63 /* Frameworks */,
				F0FA022D1C41352200774E63 /* Resources */,
			);
			buildRules = (
			);
			dependencies = (
			);
			name = AddingTwoNumbers;
			productName = AddingTwoNumbers;
			productReference = F0FA022F1C41352200774E63 /* AddingTwoNumbers.app */;
			productType = "com.apple.product-type.application";
		};
		F0FA02471C41352200774E63 /* AddingTwoNumbersTests */ = {
			isa = PBXNativeTarget;
			buildConfigurationList = F0FA02541C41352200774E63 /* Build configuration list for PBXNativeTarget "AddingTwoNumbersTests" */;
			buildPhases = (
				F0FA02441C41352200774E63 /* Sources */,
				F0FA02451C41352200774E63 /* Frameworks */,
				F0FA02461C41352200774E63 /* Resources */,
			);
			buildRules = (
			);
			dependencies = (
				F0FA024A1C41352200774E63 /* PBXTargetDependency */,
			);
			name = AddingTwoNumbersTests;
			productName = AddingTwoNumbersTests;
			productReference = F0FA02481C41352200774E63 /* AddingTwoNumbersTests.xctest */;
			productType = "com.apple.product-type.bundle.unit-test";
		};
/* End PBXNativeTarget section */

/* Begin PBXProject section */
		F0FA02271C41352200774E63 /* Project object */ = {
			isa = PBXProject;
			attributes = {
				LastUpgradeCheck = 0720;
				ORGANIZATIONNAME = "Yolk Huang";
				TargetAttributes = {
					F0FA022E1C41352200774E63 = {
						CreatedOnToolsVersion = 7.2;
					};
					F0FA02471C41352200774E63 = {
						CreatedOnToolsVersion = 7.2;
						DevelopmentTeam = RDBKD4FR6L;
						TestTargetID = F0FA022E1C41352200774E63;
					};
				};
			};
			buildConfigurationList = F0FA022A1C41352200774E63 /* Build configuration list for PBXProject "AddingTwoNumbers" */;
			compatibilityVersion = "Xcode 3.2";
			developmentRegion = English;
			hasScannedForEncodings = 0;
			knownRegions = (
				en,
				Base,
			);
			mainGroup = F0FA02261C41352200774E63;
			productRefGroup = F0FA02301C41352200774E63 /* Products */;
			projectDirPath = "";
			projectRoot = "";
			targets = (
				F0FA022E1C41352200774E63 /* AddingTwoNumbers */,
				F0FA02471C41352200774E63 /* AddingTwoNumbersTests */,
			);
		};
/* End PBXProject section */

/* Begin PBXResourcesBuildPhase section */
		F0FA022D1C41352200774E63 /* Resources */ = {
			isa = PBXResourcesBuildPhase;
			buildActionMask = 2147483647;
			files = (
				F0FA02421C41352200774E63 /* LaunchScreen.storyboard in Resources */,
				F0FA023F1C41352200774E63 /* Assets.xcassets in Resources */,
				F0FA023D1C41352200774E63 /* Main.storyboard in Resources */,
			);
			runOnlyForDeploymentPostprocessing = 0;
		};
		F0FA02461C41352200774E63 /* Resources */ = {
			isa = PBXResourcesBuildPhase;
			buildActionMask = 2147483647;
			files = (
			);
			runOnlyForDeploymentPostprocessing = 0;
		};
/* End PBXResourcesBuildPhase section */

/* Begin PBXSourcesBuildPhase section */
		F0FA022B1C41352200774E63 /* Sources */ = {
			isa = PBXSourcesBuildPhase;
			buildActionMask = 2147483647;
			files = (
				F0FA02591C4135A000774E63 /* YHAddition.m in Sources */,
				F0FA023A1C41352200774E63 /* ViewController.m in Sources */,
				F0FA02371C41352200774E63 /* AppDelegate.m in Sources */,
				F0FA02341C41352200774E63 /* main.m in Sources */,
			);
			runOnlyForDeploymentPostprocessing = 0;
		};
		F0FA02441C41352200774E63 /* Sources */ = {
			isa = PBXSourcesBuildPhase;
			buildActionMask = 2147483647;
			files = (
				F0FA025A1C4135A000774E63 /* YHAddition.m in Sources */,
				F0FA024D1C41352200774E63 /* AddingTwoNumbersTests.m in Sources */,
				F0FA025F1C4136F700774E63 /* ViewControllerTests.m in Sources */,
			);
			runOnlyForDeploymentPostprocessing = 0;
		};
/* End PBXSourcesBuildPhase section */

/* Begin PBXTargetDependency section */
		F0FA024A1C41352200774E63 /* PBXTargetDependency */ = {
			isa = PBXTargetDependency;
			target = F0FA022E1C41352200774E63 /* AddingTwoNumbers */;
			targetProxy = F0FA02491C41352200774E63 /* PBXContainerItemProxy */;
		};
/* End PBXTargetDependency section */

/* Begin PBXVariantGroup section */
		F0FA023B1C41352200774E63 /* Main.storyboard */ = {
			isa = PBXVariantGroup;
			children = (
				F0FA023C1C41352200774E63 /* Base */,
			);
			name = Main.storyboard;
			sourceTree = "<group>";
		};
		F0FA02401C41352200774E63 /* LaunchScreen.storyboard */ = {
			isa = PBXVariantGroup;
			children = (
				F0FA02411C41352200774E63 /* Base */,
			);
			name = LaunchScreen.storyboard;
			sourceTree = "<group>";
		};
/* End PBXVariantGroup section */

/* Begin XCBuildConfiguration section */
		F0FA024F1C41352200774E63 /* Debug */ = {
			isa = XCBuildConfiguration;
			buildSettings = {
				ALWAYS_SEARCH_USER_PATHS = NO;
				CLANG_CXX_LANGUAGE_STANDARD = "gnu++0x";
				CLANG_CXX_LIBRARY = "libc++";
				CLANG_ENABLE_MODULES = YES;
				CLANG_ENABLE_OBJC_ARC = YES;
				CLANG_WARN_BOOL_CONVERSION = YES;
				CLANG_WARN_CONSTANT_CONVERSION = YES;
				CLANG_WARN_DIRECT_OBJC_ISA_USAGE = YES_ERROR;
				CLANG_WARN_EMPTY_BODY = YES;
				CLANG_WARN_ENUM_CONVERSION = YES;
				CLANG_WARN_INT_CONVERSION = YES;
				CLANG_WARN_OBJC_ROOT_CLASS = YES_ERROR;
				CLANG_WARN_UNREACHABLE_CODE = YES;
				CLANG_WARN__DUPLICATE_METHOD_MATCH = YES;
				"CODE_SIGN_IDENTITY[sdk=iphoneos*]" = "iPhone Developer";
				COPY_PHASE_STRIP = NO;
				DEBUG_INFORMATION_FORMAT = dwarf;
				ENABLE_STRICT_OBJC_MSGSEND = YES;
				ENABLE_TESTABILITY = YES;
				GCC_C_LANGUAGE_STANDARD = gnu99;
				GCC_DYNAMIC_NO_PIC = NO;
				GCC_NO_COMMON_BLOCKS = YES;
				GCC_OPTIMIZATION_LEVEL = 0;
				GCC_PREPROCESSOR_DEFINITIONS = (
					"DEBUG=1",
					"$(inherited)",
				);
				GCC_WARN_64_TO_32_BIT_CONVERSION = YES;
				GCC_WARN_ABOUT_RETURN_TYPE = YES_ERROR;
				GCC_WARN_UNDECLARED_SELECTOR = YES;
				GCC_WARN_UNINITIALIZED_AUTOS = YES_AGGRESSIVE;
				GCC_WARN_UNUSED_FUNCTION = YES;
				GCC_WARN_UNUSED_VARIABLE = YES;
				IPHONEOS_DEPLOYMENT_TARGET = 9.2;
				MTL_ENABLE_DEBUG_INFO = YES;
				ONLY_ACTIVE_ARCH = YES;
				SDKROOT = iphoneos;
			};
			name = Debug;
		};
		F0FA02501C41352200774E63 /* Release */ = {
			isa = XCBuildConfiguration;
			buildSettings = {
				ALWAYS_SEARCH_USER_PATHS = NO;
				CLANG_CXX_LANGUAGE_STANDARD = "gnu++0x";
				CLANG_CXX_LIBRARY = "libc++";
				CLANG_ENABLE_MODULES = YES;
				CLANG_ENABLE_OBJC_ARC = YES;
				CLANG_WARN_BOOL_CONVERSION = YES;
				CLANG_WARN_CONSTANT_CONVERSION = YES;
				CLANG_WARN_DIRECT_OBJC_ISA_USAGE = YES_ERROR;
				CLANG_WARN_EMPTY_BODY = YES;
				CLANG_WARN_ENUM_CONVERSION = YES;
				CLANG_WARN_INT_CONVERSION = YES;
				CLANG_WARN_OBJC_ROOT_CLASS = YES_ERROR;
				CLANG_WARN_UNREACHABLE_CODE = YES;
				CLANG_WARN__DUPLICATE_METHOD_MATCH = YES;
				"CODE_SIGN_IDENTITY[sdk=iphoneos*]" = "iPhone Developer";
				COPY_PHASE_STRIP = NO;
				DEBUG_INFORMATION_FORMAT = "dwarf-with-dsym";
				ENABLE_NS_ASSERTIONS = NO;
				ENABLE_STRICT_OBJC_MSGSEND = YES;
				GCC_C_LANGUAGE_STANDARD = gnu99;
				GCC_NO_COMMON_BLOCKS = YES;
				GCC_WARN_64_TO_32_BIT_CONVERSION = YES;
				GCC_WARN_ABOUT_RETURN_TYPE = YES_ERROR;
				GCC_WARN_UNDECLARED_SELECTOR = YES;
				GCC_WARN_UNINITIALIZED_AUTOS = YES_AGGRESSIVE;
				GCC_WARN_UNUSED_FUNCTION = YES;
				GCC_WARN_UNUSED_VARIABLE = YES;
				IPHONEOS_DEPLOYMENT_TARGET = 9.2;
				MTL_ENABLE_DEBUG_INFO = NO;
				SDKROOT = iphoneos;
				VALIDATE_PRODUCT = YES;
			};
			name = Release;
		};
		F0FA02521C41352200774E63 /* Debug */ = {
			isa = XCBuildConfiguration;
			buildSettings = {
				ASSETCATALOG_COMPILER_APPICON_NAME = AppIcon;
				CODE_SIGN_IDENTITY = "iPhone Developer";
				INFOPLIST_FILE = AddingTwoNumbers/Info.plist;
				LD_RUNPATH_SEARCH_PATHS = "$(inherited) @executable_path/Frameworks";
				PRODUCT_BUNDLE_IDENTIFIER = lab.AddingTwoNumbers;
				PRODUCT_NAME = "$(TARGET_NAME)";
			};
			name = Debug;
		};
		F0FA02531C41352200774E63 /* Release */ = {
			isa = XCBuildConfiguration;
			buildSettings = {
				ASSETCATALOG_COMPILER_APPICON_NAME = AppIcon;
				CODE_SIGN_IDENTITY = "iPhone Developer";
				INFOPLIST_FILE = AddingTwoNumbers/Info.plist;
				LD_RUNPATH_SEARCH_PATHS = "$(inherited) @executable_path/Frameworks";
				PRODUCT_BUNDLE_IDENTIFIER = lab.AddingTwoNumbers;
				PRODUCT_NAME = "$(TARGET_NAME)";
			};
			name = Release;
		};
		F0FA02551C41352200774E63 /* Debug */ = {
			isa = XCBuildConfiguration;
			buildSettings = {
				BUNDLE_LOADER = "$(TEST_HOST)";
				INFOPLIST_FILE = AddingTwoNumbersTests/Info.plist;
				LD_RUNPATH_SEARCH_PATHS = "$(inherited) @executable_path/Frameworks @loader_path/Frameworks";
				PRODUCT_BUNDLE_IDENTIFIER = lab.AddingTwoNumbersTests;
				PRODUCT_NAME = "$(TARGET_NAME)";
				TEST_HOST = "$(BUILT_PRODUCTS_DIR)/AddingTwoNumbers.app/AddingTwoNumbers";
			};
			name = Debug;
		};
		F0FA02561C41352200774E63 /* Release */ = {
			isa = XCBuildConfiguration;
			buildSettings = {
				BUNDLE_LOADER = "$(TEST_HOST)";
				INFOPLIST_FILE = AddingTwoNumbersTests/Info.plist;
				LD_RUNPATH_SEARCH_PATHS = "$(inherited) @executable_path/Frameworks @loader_path/Frameworks";
				PRODUCT_BUNDLE_IDENTIFIER = lab.AddingTwoNumbersTests;
				PRODUCT_NAME = "$(TARGET_NAME)";
				TEST_HOST = "$(BUILT_PRODUCTS_DIR)/AddingTwoNumbers.app/AddingTwoNumbers";
			};
			name = Release;
		};
/* End XCBuildConfiguration section */

/* Begin XCConfigurationList section */
		F0FA022A1C41352200774E63 /* Build configuration list for PBXProject "AddingTwoNumbers" */ = {
			isa = XCConfigurationList;
			buildConfigurations = (
				F0FA024F1C41352200774E63 /* Debug */,
				F0FA02501C41352200774E63 /* Release */,
			);
			defaultConfigurationIsVisible = 0;
			defaultConfigurationName = Release;
		};
		F0FA02511C41352200774E63 /* Build configuration list for PBXNativeTarget "AddingTwoNumbers" */ = {
			isa = XCConfigurationList;
			buildConfigurations = (
				F0FA02521C41352200774E63 /* Debug */,
				F0FA02531C41352200774E63 /* Release */,
			);
			defaultConfigurationIsVisible = 0;
		};
		F0FA02541C41352200774E63 /* Build configuration list for PBXNativeTarget "AddingTwoNumbersTests" */ = {
			isa = XCConfigurationList;
			buildConfigurations = (
				F0FA02551C41352200774E63 /* Debug */,
				F0FA02561C41352200774E63 /* Release */,
			);
			defaultConfigurationIsVisible = 0;
		};
/* End XCConfigurationList section */
	};
	rootObject = F0FA02271C41352200774E63 /* Project object */;
}
